
Microsoft Visual Studio Solution File, Format Version 12.00
# Visual Studio 15
Project("{FAE04EC0-301F-11D3-BF4B-00C04F79EFBC}") = "Vuforia Hololens Unity Project", "Vuforia Hololens Unity Project.csproj", "{BF224A03-239F-C5BF-ACC7-1B5521C309D1}"
EndProject
Project("{FAE04EC0-301F-11D3-BF4B-00C04F79EFBC}") = "Vuforia Hololens Unity Project.Editor", "Vuforia Hololens Unity Project.Editor.csproj", "{3A863012-34A7-A974-68F8-61E2C19FF36E}"
EndProject
Global
	GlobalSection(SolutionConfigurationPlatforms) = preSolution
		Debug|Any CPU = Debug|Any CPU
		Release|Any CPU = Release|Any CPU
	EndGlobalSection
	GlobalSection(ProjectConfigurationPlatforms) = postSolution
		{BF224A03-239F-C5BF-ACC7-1B5521C309D1}.Debug|Any CPU.ActiveCfg = Debug|Any CPU
		{BF224A03-239F-C5BF-ACC7-1B5521C309D1}.Debug|Any CPU.Build.0 = Debug|Any CPU
		{BF224A03-239F-C5BF-ACC7-1B5521C309D1}.Release|Any CPU.ActiveCfg = Release|Any CPU
		{BF224A03-239F-C5BF-ACC7-1B5521C309D1}.Release|Any CPU.Build.0 = Release|Any CPU
		{3A863012-34A7-A974-68F8-61E2C19FF36E}.Debug|Any CPU.ActiveCfg = Debug|Any CPU
		{3A863012-34A7-A974-68F8-61E2C19FF36E}.Debug|Any CPU.Build.0 = Debug|Any CPU
		{3A863012-34A7-A974-68F8-61E2C19FF36E}.Release|Any CPU.ActiveCfg = Release|Any CPU
		{3A863012-34A7-A974-68F8-61E2C19FF36E}.Release|Any CPU.Build.0 = Release|Any CPU
	EndGlobalSection
	GlobalSection(SolutionProperties) = preSolution
		HideSolutionNode = FALSE
	EndGlobalSection
EndGlobal
